
Microsoft Visual Studio Solution File, Format Version 12.00
# Visual Studio Version 17
VisualStudioVersion = 17.0.32014.148
MinimumVisualStudioVersion = 10.0.40219.1
Project("{FAE04EC0-301F-11D3-BF4B-00C04F79EFBC}") = "Opdracht4Dario", "Opdracht4Dario.csproj", "{2C2DA65C-5B67-4F47-8973-C565A3DFE138}"
EndProject
Global
	GlobalSection(SolutionConfigurationPlatforms) = preSolution
		Debug|Any CPU = Debug|Any CPU
		Release|Any CPU = Release|Any CPU
	EndGlobalSection
	GlobalSection(ProjectConfigurationPlatforms) = postSolution
		{2C2DA65C-5B67-4F47-8973-C565A3DFE138}.Debug|Any CPU.ActiveCfg = Debug|Any CPU
		{2C2DA65C-5B67-4F47-8973-C565A3DFE138}.Debug|Any CPU.Build.0 = Debug|Any CPU
		{2C2DA65C-5B67-4F47-8973-C565A3DFE138}.Release|Any CPU.ActiveCfg = Release|Any CPU
		{2C2DA65C-5B67-4F47-8973-C565A3DFE138}.Release|Any CPU.Build.0 = Release|Any CPU
	EndGlobalSection
	GlobalSection(SolutionProperties) = preSolution
		HideSolutionNode = FALSE
	EndGlobalSection
	GlobalSection(ExtensibilityGlobals) = postSolution
		SolutionGuid = {9A154A2A-FAC7-424E-8CE8-2FE35BB76BA2}
	EndGlobalSection
EndGlobal
