
Microsoft Visual Studio Solution File, Format Version 12.00
# Visual Studio Version 17
VisualStudioVersion = 17.0.32112.339
MinimumVisualStudioVersion = 10.0.40219.1
Project("{FAE04EC0-301F-11D3-BF4B-00C04F79EFBC}") = "Opdracht13Dario", "Opdracht13Dario.csproj", "{006FD6A1-430A-4578-AA73-DABA721F3D41}"
EndProject
Global
	GlobalSection(SolutionConfigurationPlatforms) = preSolution
		Debug|Any CPU = Debug|Any CPU
		Release|Any CPU = Release|Any CPU
	EndGlobalSection
	GlobalSection(ProjectConfigurationPlatforms) = postSolution
		{006FD6A1-430A-4578-AA73-DABA721F3D41}.Debug|Any CPU.ActiveCfg = Debug|Any CPU
		{006FD6A1-430A-4578-AA73-DABA721F3D41}.Debug|Any CPU.Build.0 = Debug|Any CPU
		{006FD6A1-430A-4578-AA73-DABA721F3D41}.Release|Any CPU.ActiveCfg = Release|Any CPU
		{006FD6A1-430A-4578-AA73-DABA721F3D41}.Release|Any CPU.Build.0 = Release|Any CPU
	EndGlobalSection
	GlobalSection(SolutionProperties) = preSolution
		HideSolutionNode = FALSE
	EndGlobalSection
	GlobalSection(ExtensibilityGlobals) = postSolution
		SolutionGuid = {E41B5911-9349-41E0-B521-B558E52F9928}
	EndGlobalSection
EndGlobal
