
Microsoft Visual Studio Solution File, Format Version 12.00
# Visual Studio Version 17
VisualStudioVersion = 17.0.32014.148
MinimumVisualStudioVersion = 10.0.40219.1
Project("{FAE04EC0-301F-11D3-BF4B-00C04F79EFBC}") = "Opdracht5Dario", "Opdracht5Dario.csproj", "{F77D8309-AB28-4ABE-8027-C2FA7BB1F0FD}"
EndProject
Global
	GlobalSection(SolutionConfigurationPlatforms) = preSolution
		Debug|Any CPU = Debug|Any CPU
		Release|Any CPU = Release|Any CPU
	EndGlobalSection
	GlobalSection(ProjectConfigurationPlatforms) = postSolution
		{F77D8309-AB28-4ABE-8027-C2FA7BB1F0FD}.Debug|Any CPU.ActiveCfg = Debug|Any CPU
		{F77D8309-AB28-4ABE-8027-C2FA7BB1F0FD}.Debug|Any CPU.Build.0 = Debug|Any CPU
		{F77D8309-AB28-4ABE-8027-C2FA7BB1F0FD}.Release|Any CPU.ActiveCfg = Release|Any CPU
		{F77D8309-AB28-4ABE-8027-C2FA7BB1F0FD}.Release|Any CPU.Build.0 = Release|Any CPU
	EndGlobalSection
	GlobalSection(SolutionProperties) = preSolution
		HideSolutionNode = FALSE
	EndGlobalSection
	GlobalSection(ExtensibilityGlobals) = postSolution
		SolutionGuid = {8762C9AD-20C7-4E33-95E6-B14A964631EE}
	EndGlobalSection
EndGlobal
