
Microsoft Visual Studio Solution File, Format Version 12.00
# Visual Studio Version 17
VisualStudioVersion = 17.0.32014.148
MinimumVisualStudioVersion = 10.0.40219.1
Project("{FAE04EC0-301F-11D3-BF4B-00C04F79EFBC}") = "Opdracht6Dario", "Opdracht6Dario.csproj", "{8471740E-9020-447E-A24B-120507C7860C}"
EndProject
Global
	GlobalSection(SolutionConfigurationPlatforms) = preSolution
		Debug|Any CPU = Debug|Any CPU
		Release|Any CPU = Release|Any CPU
	EndGlobalSection
	GlobalSection(ProjectConfigurationPlatforms) = postSolution
		{8471740E-9020-447E-A24B-120507C7860C}.Debug|Any CPU.ActiveCfg = Debug|Any CPU
		{8471740E-9020-447E-A24B-120507C7860C}.Debug|Any CPU.Build.0 = Debug|Any CPU
		{8471740E-9020-447E-A24B-120507C7860C}.Release|Any CPU.ActiveCfg = Release|Any CPU
		{8471740E-9020-447E-A24B-120507C7860C}.Release|Any CPU.Build.0 = Release|Any CPU
	EndGlobalSection
	GlobalSection(SolutionProperties) = preSolution
		HideSolutionNode = FALSE
	EndGlobalSection
	GlobalSection(ExtensibilityGlobals) = postSolution
		SolutionGuid = {2ECB9B12-0175-4C35-992D-E66371711542}
	EndGlobalSection
EndGlobal
