
Microsoft Visual Studio Solution File, Format Version 12.00
# Visual Studio Version 17
VisualStudioVersion = 17.0.32014.148
MinimumVisualStudioVersion = 10.0.40219.1
Project("{FAE04EC0-301F-11D3-BF4B-00C04F79EFBC}") = "Opdracht7Dario", "Opdracht7Dario.csproj", "{487316A9-C99D-484D-88C9-B23DE557F738}"
EndProject
Global
	GlobalSection(SolutionConfigurationPlatforms) = preSolution
		Debug|Any CPU = Debug|Any CPU
		Release|Any CPU = Release|Any CPU
	EndGlobalSection
	GlobalSection(ProjectConfigurationPlatforms) = postSolution
		{487316A9-C99D-484D-88C9-B23DE557F738}.Debug|Any CPU.ActiveCfg = Debug|Any CPU
		{487316A9-C99D-484D-88C9-B23DE557F738}.Debug|Any CPU.Build.0 = Debug|Any CPU
		{487316A9-C99D-484D-88C9-B23DE557F738}.Release|Any CPU.ActiveCfg = Release|Any CPU
		{487316A9-C99D-484D-88C9-B23DE557F738}.Release|Any CPU.Build.0 = Release|Any CPU
	EndGlobalSection
	GlobalSection(SolutionProperties) = preSolution
		HideSolutionNode = FALSE
	EndGlobalSection
	GlobalSection(ExtensibilityGlobals) = postSolution
		SolutionGuid = {4C5BBFC9-8595-4A56-A6A4-F26DA331784E}
	EndGlobalSection
EndGlobal
